{
    "_meta": {
        "hash": {
            "sha256": "3f0c4739888048a4f6a7c6cd5c0c7c333232034bb76b4bb4fc15321d9a966870"
        },
        "pipfile-spec": 6,
        "requires": {
            "python_full_version": "3.10.12",
            "python_version": "3.10"
        },
        "sources": [
            {
                "name": "pypi",
                "url": "https://pypi.org/simple",
                "verify_ssl": true
            }
        ]
    },
    "default": {
        "certifi": {
            "hashes": [
                "sha256:539cc1d13202e33ca466e88b2807e29f4c13049d6d87031a3c110744495cb082",
                "sha256:92d6037539857d8206b8f6ae472e8b77db8058fec5937a1ef3f54304089edbb9"
            ],
            "index": "pypi",
            "markers": "python_version >= '3.6'",
            "version": "==2023.7.22"
        },
        "click": {
            "hashes": [
                "sha256:ae74fb96c20a0277a1d615f1e4d73c8414f5a98db8b799a7931d1582f3390c28",
                "sha256:ca9853ad459e787e2192211578cc907e7594e294c7ccc834310722b41b9ca6de"
            ],
            "markers": "python_version >= '3.7'",
            "version": "==8.1.7"
        },
        "cloudpickle": {
            "hashes": [
                "sha256:246ee7d0c295602a036e86369c77fecda4ab17b506496730f2f576d9016fd9c7",
                "sha256:996d9a482c6fb4f33c1a35335cf8afd065d2a56e973270364840712d9131a882"
            ],
            "markers": "python_version >= '3.8'",
            "version": "==3.0.0"
        },
        "dask": {
            "hashes": [
                "sha256:1fb0ee4d79e3c7c8f2e7c9f2680fd0ef0668801a10eaa290b970982b26a714da",
                "sha256:da3ef0526992845408df491fcd0b3a49c7207aa908a1675cea12ab2ea10c7940"
            ],
            "index": "pypi",
            "markers": "python_version >= '3.9'",
            "version": "==2023.10.1"
        },
        "fsspec": {
            "hashes": [
                "sha256:330c66757591df346ad3091a53bd907e15348c2ba17d63fd54f5c39c4457d2a5",
                "sha256:346a8f024efeb749d2a5fca7ba8854474b1ff9af7c3faaf636a4548781136529"
            ],
            "markers": "python_version >= '3.8'",
            "version": "==2023.10.0"
        },
        "importlib-metadata": {
            "hashes": [
                "sha256:3ebb78df84a805d7698245025b975d9d67053cd94c79245ba4b3eb694abe68bb",
                "sha256:dbace7892d8c0c4ac1ad096662232f831d4e64f4c4545bd53016a3e9d4654743"
            ],
            "markers": "python_version >= '3.8'",
            "version": "==6.8.0"
        },
        "llvmlite": {
            "hashes": [
                "sha256:04725975e5b2af416d685ea0769f4ecc33f97be541e301054c9f741003085802",
                "sha256:0dd0338da625346538f1173a17cabf21d1e315cf387ca21b294ff209d176e244",
                "sha256:150d0bc275a8ac664a705135e639178883293cf08c1a38de3bbaa2f693a0a867",
                "sha256:1eee5cf17ec2b4198b509272cf300ee6577229d237c98cc6e63861b08463ddc6",
                "sha256:210e458723436b2469d61b54b453474e09e12a94453c97ea3fbb0742ba5a83d8",
                "sha256:2181bb63ef3c607e6403813421b46982c3ac6bfc1f11fa16a13eaafb46f578e6",
                "sha256:24091a6b31242bcdd56ae2dbea40007f462260bc9bdf947953acc39dffd54f8f",
                "sha256:2b76acee82ea0e9304be6be9d4b3840208d050ea0dcad75b1635fa06e949a0ae",
                "sha256:2d92c51e6e9394d503033ffe3292f5bef1566ab73029ec853861f60ad5c925d0",
                "sha256:5940bc901fb0325970415dbede82c0b7f3e35c2d5fd1d5e0047134c2c46b3281",
                "sha256:8454c1133ef701e8c050a59edd85d238ee18bb9a0eb95faf2fca8b909ee3c89a",
                "sha256:855f280e781d49e0640aef4c4af586831ade8f1a6c4df483fb901cbe1a48d127",
                "sha256:880cb57ca49e862e1cd077104375b9d1dfdc0622596dfa22105f470d7bacb309",
                "sha256:8b0a9a47c28f67a269bb62f6256e63cef28d3c5f13cbae4fab587c3ad506778b",
                "sha256:92c32356f669e036eb01016e883b22add883c60739bc1ebee3a1cc0249a50828",
                "sha256:92f093986ab92e71c9ffe334c002f96defc7986efda18397d0f08534f3ebdc4d",
                "sha256:9564c19b31a0434f01d2025b06b44c7ed422f51e719ab5d24ff03b7560066c9a",
                "sha256:b67340c62c93a11fae482910dc29163a50dff3dfa88bc874872d28ee604a83be",
                "sha256:bf14aa0eb22b58c231243dccf7e7f42f7beec48970f2549b3a6acc737d1a4ba4",
                "sha256:c1e1029d47ee66d3a0c4d6088641882f75b93db82bd0e6178f7bd744ebce42b9",
                "sha256:df75594e5a4702b032684d5481db3af990b69c249ccb1d32687b8501f0689432",
                "sha256:f19f767a018e6ec89608e1f6b13348fa2fcde657151137cb64e56d48598a92db",
                "sha256:f8afdfa6da33f0b4226af8e64cfc2b28986e005528fbf944d0a24a72acfc9432",
                "sha256:fa1469901a2e100c17eb8fe2678e34bd4255a3576d1a543421356e9c14d6e2ae"
            ],
            "markers": "python_version >= '3.8'",
            "version": "==0.41.1"
        },
        "locket": {
            "hashes": [
                "sha256:5c0d4c052a8bbbf750e056a8e65ccd309086f4f0f18a2eac306a8dfa4112a632",
                "sha256:b6c819a722f7b6bd955b80781788e4a66a55628b858d347536b7e81325a3a5e3"
            ],
            "markers": "python_version >= '2.7' and python_version not in '3.0, 3.1, 3.2, 3.3'",
            "version": "==1.0.0"
        },
        "numba": {
            "hashes": [
                "sha256:07f2fa7e7144aa6f275f27260e73ce0d808d3c62b30cff8906ad1dec12d87bbe",
                "sha256:240e7a1ae80eb6b14061dc91263b99dc8d6af9ea45d310751b780888097c1aaa",
                "sha256:45698b995914003f890ad839cfc909eeb9c74921849c712a05405d1a79c50f68",
                "sha256:487ded0633efccd9ca3a46364b40006dbdaca0f95e99b8b83e778d1195ebcbaa",
                "sha256:4e79b6cc0d2bf064a955934a2e02bf676bc7995ab2db929dbbc62e4c16551be6",
                "sha256:55a01e1881120e86d54efdff1be08381886fe9f04fc3006af309c602a72bc44d",
                "sha256:5c765aef472a9406a97ea9782116335ad4f9ef5c9f93fc05fd44aab0db486954",
                "sha256:6fe7a9d8e3bd996fbe5eac0683227ccef26cba98dae6e5cee2c1894d4b9f16c1",
                "sha256:7bf1ddd4f7b9c2306de0384bf3854cac3edd7b4d8dffae2ec1b925e4c436233f",
                "sha256:811305d5dc40ae43c3ace5b192c670c358a89a4d2ae4f86d1665003798ea7a1a",
                "sha256:81fe5b51532478149b5081311b0fd4206959174e660c372b94ed5364cfb37c82",
                "sha256:898af055b03f09d33a587e9425500e5be84fc90cd2f80b3fb71c6a4a17a7e354",
                "sha256:9e9356e943617f5e35a74bf56ff6e7cc83e6b1865d5e13cee535d79bf2cae954",
                "sha256:a1eaa744f518bbd60e1f7ccddfb8002b3d06bd865b94a5d7eac25028efe0e0ff",
                "sha256:bc2d904d0319d7a5857bd65062340bed627f5bfe9ae4a495aef342f072880d50",
                "sha256:bcecd3fb9df36554b342140a4d77d938a549be635d64caf8bd9ef6c47a47f8aa",
                "sha256:bd3dda77955be03ff366eebbfdb39919ce7c2620d86c906203bed92124989032",
                "sha256:bf68df9c307fb0aa81cacd33faccd6e419496fdc621e83f1efce35cdc5e79cac",
                "sha256:d3e2fe81fe9a59fcd99cc572002101119059d64d31eb6324995ee8b0f144a306",
                "sha256:e63d6aacaae1ba4ef3695f1c2122b30fa3d8ba039c8f517784668075856d79e2",
                "sha256:ea5bfcf7d641d351c6a80e8e1826eb4a145d619870016eeaf20bbd71ef5caa22"
            ],
            "index": "pypi",
            "markers": "python_version >= '3.8'",
            "version": "==0.58.1"
        },
        "numpy": {
            "hashes": [
                "sha256:06934e1a22c54636a059215d6da99e23286424f316fddd979f5071093b648668",
                "sha256:1c59c046c31a43310ad0199d6299e59f57a289e22f0f36951ced1c9eac3665b9",
                "sha256:1d1bd82d539607951cac963388534da3b7ea0e18b149a53cf883d8f699178c0f",
                "sha256:1e11668d6f756ca5ef534b5be8653d16c5352cbb210a5c2a79ff288e937010d5",
                "sha256:3649d566e2fc067597125428db15d60eb42a4e0897fc48d28cb75dc2e0454e53",
                "sha256:59227c981d43425ca5e5c01094d59eb14e8772ce6975d4b2fc1e106a833d5ae2",
                "sha256:6081aed64714a18c72b168a9276095ef9155dd7888b9e74b5987808f0dd0a974",
                "sha256:6965888d65d2848e8768824ca8288db0a81263c1efccec881cb35a0d805fcd2f",
                "sha256:76ff661a867d9272cd2a99eed002470f46dbe0943a5ffd140f49be84f68ffc42",
                "sha256:78ca54b2f9daffa5f323f34cdf21e1d9779a54073f0018a3094ab907938331a2",
                "sha256:82e871307a6331b5f09efda3c22e03c095d957f04bf6bc1804f30048d0e5e7af",
                "sha256:8ab9163ca8aeb7fd32fe93866490654d2f7dda4e61bc6297bf72ce07fdc02f67",
                "sha256:9696aa2e35cc41e398a6d42d147cf326f8f9d81befcb399bc1ed7ffea339b64e",
                "sha256:97e5d6a9f0702c2863aaabf19f0d1b6c2628fbe476438ce0b5ce06e83085064c",
                "sha256:9f42284ebf91bdf32fafac29d29d4c07e5e9d1af862ea73686581773ef9e73a7",
                "sha256:a03fb25610ef560a6201ff06df4f8105292ba56e7cdd196ea350d123fc32e24e",
                "sha256:a5b411040beead47a228bde3b2241100454a6abde9df139ed087bd73fc0a4908",
                "sha256:af22f3d8e228d84d1c0c44c1fbdeb80f97a15a0abe4f080960393a00db733b66",
                "sha256:afd5ced4e5a96dac6725daeb5242a35494243f2239244fad10a90ce58b071d24",
                "sha256:b9d45d1dbb9de84894cc50efece5b09939752a2d75aab3a8b0cef6f3a35ecd6b",
                "sha256:bb894accfd16b867d8643fc2ba6c8617c78ba2828051e9a69511644ce86ce83e",
                "sha256:c8c6c72d4a9f831f328efb1312642a1cafafaa88981d9ab76368d50d07d93cbe",
                "sha256:cd7837b2b734ca72959a1caf3309457a318c934abef7a43a14bb984e574bbb9a",
                "sha256:cdd9ec98f0063d93baeb01aad472a1a0840dee302842a2746a7a8e92968f9575",
                "sha256:d1cfc92db6af1fd37a7bb58e55c8383b4aa1ba23d012bdbba26b4bcca45ac297",
                "sha256:d1d2c6b7dd618c41e202c59c1413ef9b2c8e8a15f5039e344af64195459e3104",
                "sha256:d2984cb6caaf05294b8466966627e80bf6c7afd273279077679cb010acb0e5ab",
                "sha256:d58e8c51a7cf43090d124d5073bc29ab2755822181fcad978b12e144e5e5a4b3",
                "sha256:d78f269e0c4fd365fc2992c00353e4530d274ba68f15e968d8bc3c69ce5f5244",
                "sha256:dcfaf015b79d1f9f9c9fd0731a907407dc3e45769262d657d754c3a028586124",
                "sha256:e44ccb93f30c75dfc0c3aa3ce38f33486a75ec9abadabd4e59f114994a9c4617",
                "sha256:e509cbc488c735b43b5ffea175235cec24bbc57b227ef1acc691725beb230d1c"
            ],
            "index": "pypi",
            "markers": "python_version < '3.13' and python_version >= '3.9'",
            "version": "==1.26.1"
        },
        "packaging": {
            "hashes": [
                "sha256:048fb0e9405036518eaaf48a55953c750c11e1a1b68e0dd1a9d62ed0c092cfc5",
                "sha256:8c491190033a9af7e1d931d0b5dacc2ef47509b34dd0de67ed209b5203fc88c7"
            ],
            "markers": "python_version >= '3.7'",
            "version": "==23.2"
        },
        "pandas": {
            "hashes": [
                "sha256:021f09c15e1381e202d95d4a21ece8e7f2bf1388b6d7e9cae09dfe27bd2043d1",
                "sha256:02954e285e8e2f4006b6f22be6f0df1f1c3c97adbb7ed211c6b483426f20d5c8",
                "sha256:08d287b68fd28906a94564f15118a7ca8c242e50ae7f8bd91130c362b2108a81",
                "sha256:24057459f19db9ebb02984c6fdd164a970b31a95f38e4a49cf7615b36a1b532c",
                "sha256:25c9976c17311388fcd953cb3d0697999b2205333f4e11e669d90ff8d830d429",
                "sha256:3223f997b6d2ebf9c010260cf3d889848a93f5d22bb4d14cd32638b3d8bba7ad",
                "sha256:3f76280ce8ec216dde336e55b2b82e883401cf466da0fe3be317c03fb8ee7c7d",
                "sha256:52867d69a54e71666cd184b04e839cff7dfc8ed0cd6b936995117fdae8790b69",
                "sha256:52897edc2774d2779fbeb6880d2cfb305daa0b1a29c16b91f531a18918a6e0f3",
                "sha256:5aa6b86802e8cf7716bf4b4b5a3c99b12d34e9c6a9d06dad254447a620437931",
                "sha256:5b40c9f494e1f27588c369b9e4a6ca19cd924b3a0e1ef9ef1a8e30a07a438f43",
                "sha256:65177d1c519b55e5b7f094c660ed357bb7d86e799686bb71653b8a4803d8ff0d",
                "sha256:6ae6ffbd9d614c20d028c7117ee911fc4e266b4dca2065d5c5909e401f8ff683",
                "sha256:7ad20d24acf3a0042512b7e8d8fdc2e827126ed519d6bd1ed8e6c14ec8a2c813",
                "sha256:83c166b9bb27c1715bed94495d9598a7f02950b4749dba9349c1dd2cbf10729d",
                "sha256:851b5afbb0d62f6129ae891b533aa508cc357d5892c240c91933d945fff15731",
                "sha256:8d0382645ede2fde352da2a885aac28ec37d38587864c0689b4b2361d17b1d4c",
                "sha256:a6cf8fcc8a63d333970b950a7331a30544cf59b1a97baf0a7409e09eafc1ac38",
                "sha256:bbd98dcdcd32f408947afdb3f7434fade6edd408c3077bbce7bd840d654d92c6",
                "sha256:d594e2ce51b8e0b4074e6644758865dc2bb13fd654450c1eae51201260a539f1",
                "sha256:e78507adcc730533619de07bfdd1c62b2918a68cd4419ea386e28abf7f6a1e5c",
                "sha256:e7f12b2de0060b0b858cfec0016e7d980ae5bae455a1746bfcc70929100ee633",
                "sha256:e90c95abb3285d06f6e4feedafc134306a8eced93cb78e08cf50e224d5ce22e2",
                "sha256:eff794eeb7883c5aefb1ed572e7ff533ae779f6c6277849eab9e77986e352688",
                "sha256:fc4944dc004ca6cc701dfa19afb8bdb26ad36b9bed5bcec617d2a11e9cae6902"
            ],
            "index": "pypi",
            "markers": "python_version >= '3.9'",
            "version": "==2.1.2"
        },
        "partd": {
            "hashes": [
                "sha256:27e766663d36c161e2827aa3e28541c992f0b9527d3cca047e13fb3acdb989e6",
                "sha256:56c25dd49e6fea5727e731203c466c6e092f308d8f0024e199d02f6aa2167f67"
            ],
            "markers": "python_version >= '3.7'",
            "version": "==1.4.1"
        },
        "pyarrow": {
            "hashes": [
                "sha256:0f4054e5ee6c88ca256a67fc8b27f9c59bcd385216346265831d462a6069033f",
                "sha256:1541e9209c094e7f4d7b43fdd9de3a8c71d3069cf6fc03b59bf5774042411849",
                "sha256:28de7c05b4d7a71ec660360639cc9b65ceb1175e0e9d4dfccd879a1545bc38f7",
                "sha256:2fbb7ab62537782c5ab31aa08db0e1f6de92c2c515fdfc0790128384e919adcb",
                "sha256:35abf61bd0cc9daca3afc715f6ba74ea83d792fa040025352624204bec66bf6a",
                "sha256:378955365dd087c285ef4f34ad939d7e551b7715326710e8cd21cfa2ce511bd7",
                "sha256:3eccce331a1392e46573f2ce849a9ee3c074e0d7008e9be0b44566ac149fd6a1",
                "sha256:42509e6c93b4a1c8ae8ccd939a43f437097783fe130a1991497a6a1abbba026f",
                "sha256:426ffec63ab9b4dff23dec51be2150e3a4a99eb38e66c10a70e2c48779fe9c9d",
                "sha256:4362ed90def81640addcd521811dd16a13015f0a8255bec324a41262c1524b6c",
                "sha256:45d3324e1c9871a07de6b4d514ebd73225490963a6dd46c64c465c4b6079fe1e",
                "sha256:466c1a5a7a4b279cfa363ac34dedd0c3c6af388cec9e6a468ffc095a6627849a",
                "sha256:4fce1db17efbc453080c5b306f021926de7c636456a128328797e574c151f81a",
                "sha256:5b2b8f87951b08a3e72265c8963da3fe4f737bb81290269037e047dd172aa591",
                "sha256:65c377523b369f7ef1ba02be814e832443bb3b15065010838f02dae5bdc0f53c",
                "sha256:6867f6a8057eaef5a7ac6d27fe5518133f67973c5d4295d79a943458350e7c61",
                "sha256:687d0df1e08876b2d24d42abae129742fc655367e3fe6700aa4d79fcf2e3215e",
                "sha256:6c94056fb5f0ee0bae2206c3f776881e1db2bd0d133d06805755ae7ac5145349",
                "sha256:768b962e4c042ab2c96576ca0757935472e220d11af855c7d0be3279d7fced5f",
                "sha256:771079fddc0b4440c41af541dbdebc711a7062c93d3c4764476a9442606977db",
                "sha256:77293b1319c7044f68ebfa43db8c929a0a5254ce371f1a0873d343f1460171d0",
                "sha256:80225768d94024d59a31320374f5e6abf8899866c958dfb4f4ea8e2d9ec91bde",
                "sha256:8c05e6c45d303c80e41ab04996430a0251321f70986ed51213903ea7bc0b7efd",
                "sha256:968844f591902160bd3c9ee240ce8822a3b4e7de731e91daea76ad43fe0ff062",
                "sha256:97993a12aacc781efad9c92d4545a877e803c4d106d34237ec4ce987bec825a3",
                "sha256:a1c9675966662a042caebbaafa1ae7fc26291287ebc3da06aa63ad74c323ec30",
                "sha256:ad7095f8f0fe0bfa3d3fca1909b8fa15c70e630b0cc1ff8d35e143f5e2704064",
                "sha256:b61546977a8bd7e3d0c697ede723341ef4737e761af2239aef6e1db447f97727",
                "sha256:c4096136318de1c4937370c0c365f949961c371201c396d8cc94a353f342069d",
                "sha256:ca54b87c46abdfe027f18f959ca388102bd7326c344838f72244807462d091b2",
                "sha256:d2bc7c53941d85f0133b1bd5a814bca0af213922f50d8a8dc0eed4d9ed477845",
                "sha256:dcedbc0b4ea955c530145acfe99e324875c386419a09db150291a24cb01aeb81",
                "sha256:e6602272fce71c0fb64f266e7cdbe51b93b00c22fc1bb57f2b0cb681c4aeedf4",
                "sha256:e8a1e470e4b5f7bda7bede0410291daec55ab69f346d77795d34fd6a45b41579",
                "sha256:ecc463c45f2b6b36431f5f2025842245e8c15afe4d42072230575785f3bb00c6",
                "sha256:f05e81b4c621e6ad4bcd8f785e3aa1d6c49a935818b809ea6e7bf206a5b1a4e8"
            ],
            "index": "pypi",
            "markers": "python_version >= '3.8'",
            "version": "==14.0.0"
        },
        "python-dateutil": {
            "hashes": [
                "sha256:0123cacc1627ae19ddf3c27a5de5bd67ee4586fbdd6440d9748f8abb483d3e86",
                "sha256:961d03dc3453ebbc59dbdea9e4e11c5651520a876d0f4db161e8674aae935da9"
            ],
            "markers": "python_version >= '2.7' and python_version not in '3.0, 3.1, 3.2, 3.3'",
            "version": "==2.8.2"
        },
        "pytz": {
            "hashes": [
                "sha256:7b4fddbeb94a1eba4b557da24f19fdf9db575192544270a9101d8509f9f43d7b",
                "sha256:ce42d816b81b68506614c11e8937d3aa9e41007ceb50bfdcb0749b921bf646c7"
            ],
            "version": "==2023.3.post1"
        },
        "pyyaml": {
            "hashes": [
                "sha256:04ac92ad1925b2cff1db0cfebffb6ffc43457495c9b3c39d3fcae417d7125dc5",
                "sha256:062582fca9fabdd2c8b54a3ef1c978d786e0f6b3a1510e0ac93ef59e0ddae2bc",
                "sha256:0d3304d8c0adc42be59c5f8a4d9e3d7379e6955ad754aa9d6ab7a398b59dd1df",
                "sha256:1635fd110e8d85d55237ab316b5b011de701ea0f29d07611174a1b42f1444741",
                "sha256:184c5108a2aca3c5b3d3bf9395d50893a7ab82a38004c8f61c258d4428e80206",
                "sha256:18aeb1bf9a78867dc38b259769503436b7c72f7a1f1f4c93ff9a17de54319b27",
                "sha256:1d4c7e777c441b20e32f52bd377e0c409713e8bb1386e1099c2415f26e479595",
                "sha256:1e2722cc9fbb45d9b87631ac70924c11d3a401b2d7f410cc0e3bbf249f2dca62",
                "sha256:1fe35611261b29bd1de0070f0b2f47cb6ff71fa6595c077e42bd0c419fa27b98",
                "sha256:28c119d996beec18c05208a8bd78cbe4007878c6dd15091efb73a30e90539696",
                "sha256:326c013efe8048858a6d312ddd31d56e468118ad4cdeda36c719bf5bb6192290",
                "sha256:40df9b996c2b73138957fe23a16a4f0ba614f4c0efce1e9406a184b6d07fa3a9",
                "sha256:42f8152b8dbc4fe7d96729ec2b99c7097d656dc1213a3229ca5383f973a5ed6d",
                "sha256:49a183be227561de579b4a36efbb21b3eab9651dd81b1858589f796549873dd6",
                "sha256:4fb147e7a67ef577a588a0e2c17b6db51dda102c71de36f8549b6816a96e1867",
                "sha256:50550eb667afee136e9a77d6dc71ae76a44df8b3e51e41b77f6de2932bfe0f47",
                "sha256:510c9deebc5c0225e8c96813043e62b680ba2f9c50a08d3724c7f28a747d1486",
                "sha256:5773183b6446b2c99bb77e77595dd486303b4faab2b086e7b17bc6bef28865f6",
                "sha256:596106435fa6ad000c2991a98fa58eeb8656ef2325d7e158344fb33864ed87e3",
                "sha256:6965a7bc3cf88e5a1c3bd2e0b5c22f8d677dc88a455344035f03399034eb3007",
                "sha256:69b023b2b4daa7548bcfbd4aa3da05b3a74b772db9e23b982788168117739938",
                "sha256:6c22bec3fbe2524cde73d7ada88f6566758a8f7227bfbf93a408a9d86bcc12a0",
                "sha256:704219a11b772aea0d8ecd7058d0082713c3562b4e271b849ad7dc4a5c90c13c",
                "sha256:7e07cbde391ba96ab58e532ff4803f79c4129397514e1413a7dc761ccd755735",
                "sha256:81e0b275a9ecc9c0c0c07b4b90ba548307583c125f54d5b6946cfee6360c733d",
                "sha256:855fb52b0dc35af121542a76b9a84f8d1cd886ea97c84703eaa6d88e37a2ad28",
                "sha256:8d4e9c88387b0f5c7d5f281e55304de64cf7f9c0021a3525bd3b1c542da3b0e4",
                "sha256:9046c58c4395dff28dd494285c82ba00b546adfc7ef001486fbf0324bc174fba",
                "sha256:9eb6caa9a297fc2c2fb8862bc5370d0303ddba53ba97e71f08023b6cd73d16a8",
                "sha256:a0cd17c15d3bb3fa06978b4e8958dcdc6e0174ccea823003a106c7d4d7899ac5",
                "sha256:afd7e57eddb1a54f0f1a974bc4391af8bcce0b444685d936840f125cf046d5bd",
                "sha256:b1275ad35a5d18c62a7220633c913e1b42d44b46ee12554e5fd39c70a243d6a3",
                "sha256:b786eecbdf8499b9ca1d697215862083bd6d2a99965554781d0d8d1ad31e13a0",
                "sha256:ba336e390cd8e4d1739f42dfe9bb83a3cc2e80f567d8805e11b46f4a943f5515",
                "sha256:baa90d3f661d43131ca170712d903e6295d1f7a0f595074f151c0aed377c9b9c",
                "sha256:bc1bf2925a1ecd43da378f4db9e4f799775d6367bdb94671027b73b393a7c42c",
                "sha256:bd4af7373a854424dabd882decdc5579653d7868b8fb26dc7d0e99f823aa5924",
                "sha256:bf07ee2fef7014951eeb99f56f39c9bb4af143d8aa3c21b1677805985307da34",
                "sha256:bfdf460b1736c775f2ba9f6a92bca30bc2095067b8a9d77876d1fad6cc3b4a43",
                "sha256:c8098ddcc2a85b61647b2590f825f3db38891662cfc2fc776415143f599bb859",
                "sha256:d2b04aac4d386b172d5b9692e2d2da8de7bfb6c387fa4f801fbf6fb2e6ba4673",
                "sha256:d483d2cdf104e7c9fa60c544d92981f12ad66a457afae824d146093b8c294c54",
                "sha256:d858aa552c999bc8a8d57426ed01e40bef403cd8ccdd0fc5f6f04a00414cac2a",
                "sha256:e7d73685e87afe9f3b36c799222440d6cf362062f78be1013661b00c5c6f678b",
                "sha256:f003ed9ad21d6a4713f0a9b5a7a0a79e08dd0f221aff4525a2be4c346ee60aab",
                "sha256:f22ac1c3cac4dbc50079e965eba2c1058622631e526bd9afd45fedd49ba781fa",
                "sha256:faca3bdcf85b2fc05d06ff3fbc1f83e1391b3e724afa3feba7d13eeab355484c",
                "sha256:fca0e3a251908a499833aa292323f32437106001d436eca0e6e7833256674585",
                "sha256:fd1592b3fdf65fff2ad0004b5e363300ef59ced41c2e6b3a99d4089fa8c5435d",
                "sha256:fd66fc5d0da6d9815ba2cebeb4205f95818ff4b79c3ebe268e75d961704af52f"
            ],
            "markers": "python_version >= '3.6'",
            "version": "==6.0.1"
        },
        "six": {
            "hashes": [
                "sha256:1e61c37477a1626458e36f7b1d82aa5c9b094fa4802892072e49de9c60c4c926",
                "sha256:8abb2f1d86890a2dfb989f9a77cfcfd3e47c2a354b01111771326f8aa26e0254"
            ],
            "markers": "python_version >= '2.7' and python_version not in '3.0, 3.1, 3.2, 3.3'",
            "version": "==1.16.0"
        },
        "toolz": {
            "hashes": [
                "sha256:2059bd4148deb1884bb0eb770a3cde70e7f954cfbbdc2285f1f2de01fd21eb6f",
                "sha256:88c570861c440ee3f2f6037c4654613228ff40c93a6c25e0eba70d17282c6194"
            ],
            "markers": "python_version >= '3.5'",
            "version": "==0.12.0"
        },
        "tzdata": {
            "hashes": [
                "sha256:11ef1e08e54acb0d4f95bdb1be05da659673de4acbd21bf9c69e94cc5e907a3a",
                "sha256:7e65763eef3120314099b6939b5546db7adce1e7d6f2e179e3df563c70511eda"
            ],
            "markers": "python_version >= '2'",
            "version": "==2023.3"
        },
        "zipp": {
            "hashes": [
                "sha256:0e923e726174922dce09c53c59ad483ff7bbb8e572e00c7f7c46b88556409f31",
                "sha256:84e64a1c28cf7e91ed2078bb8cc8c259cb19b76942096c8d7b84947690cabaf0"
            ],
            "markers": "python_version >= '3.8'",
            "version": "==3.17.0"
        }
    },
    "develop": {}
}
